
Microsoft Visual Studio Solution File, Format Version 12.00
# Visual Studio Version 16
VisualStudioVersion = 16.0.30011.22
MinimumVisualStudioVersion = 10.0.40219.1
Project("{8BC9CEB8-8B4A-11D0-8D11-00A0C91BC942}") = "ShadowPainter", "ShadowPainter.vcxproj", "{2826B676-077B-3373-9913-28C7F6401947}"
EndProject
Global
	GlobalSection(SolutionConfigurationPlatforms) = preSolution
		Debug|x64 = Debug|x64
		Release|x64 = Release|x64
	EndGlobalSection
	GlobalSection(ProjectConfigurationPlatforms) = postSolution
		{2826B676-077B-3373-9913-28C7F6401947}.Debug|x64.ActiveCfg = Debug|x64
		{2826B676-077B-3373-9913-28C7F6401947}.Debug|x64.Build.0 = Debug|x64
		{2826B676-077B-3373-9913-28C7F6401947}.Release|x64.ActiveCfg = Release|x64
		{2826B676-077B-3373-9913-28C7F6401947}.Release|x64.Build.0 = Release|x64
	EndGlobalSection
	GlobalSection(SolutionProperties) = preSolution
		HideSolutionNode = FALSE
	EndGlobalSection
	GlobalSection(ExtensibilityGlobals) = postSolution
		SolutionGuid = {69A2A2B0-C9F5-4FE5-8CE0-E114FAA7ED29}
	EndGlobalSection
EndGlobal
